<?xml version="1.0" encoding="utf-8"?>
<Project ToolsVersion="4.0" xmlns="http://schemas.microsoft.com/developer/msbuild/2003">
  <ItemGroup>
    <ClCompile Include="AudioManager.cpp" />
    <ClCompile Include="BGMManager.cpp" />
    <ClCompile Include="CollisionDetection.cpp" />
    <ClCompile Include="Debug.cpp" />
    <ClCompile Include="GameObject.cpp" />
    <ClCompile Include="GameWorld.cpp" />
    <ClCompile Include="InputBase.cpp" />
    <ClCompile Include="InputHandler.cpp" />
    <ClCompile Include="NavigationGrid.cpp" />
    <ClCompile Include="NavigationMesh.cpp" />
    <ClCompile Include="PaintManager.cpp" />
    <ClCompile Include="PCInput.cpp" />
    <ClCompile Include="PhysicsObject.cpp" />
    <ClCompile Include="PhysicsSystem.cpp" />
    <ClCompile Include="Player.cpp" />
    <ClCompile Include="Projectile.cpp" />
    <ClCompile Include="PushdownMachine.cpp" />
    <ClCompile Include="PushdownState.cpp" />
    <ClCompile Include="Octree.cpp" />
    <ClCompile Include="RenderObject.cpp" />
    <ClCompile Include="StateMachine.cpp" />
    <ClCompile Include="StateTransition.cpp" />
    <ClCompile Include="Transform.cpp" />
  </ItemGroup>
  <ItemGroup>
    <ClInclude Include="AABBVolume.h" />
    <ClInclude Include="AudioManager.h" />
    <ClInclude Include="BehaviourAction.h" />
    <ClInclude Include="BehaviourNode.h" />
    <ClInclude Include="BehaviourNodeWithChildren.h" />
    <ClInclude Include="BehaviourSelector.h" />
    <ClInclude Include="BehaviourSequence.h" />
    <ClInclude Include="BGMManager.h" />
    <ClInclude Include="CapsuleVolume.h" />
    <ClInclude Include="Command.h" />
    <ClInclude Include="GameActor.h" />
    <ClInclude Include="InputBase.h" />
    <ClInclude Include="InputHandler.h" />
    <ClInclude Include="InputList.h" />
    <ClInclude Include="NavigationGrid.h" />
    <ClInclude Include="NavigationMap.h" />
    <ClInclude Include="NavigationMesh.h" />
    <ClInclude Include="NavigationPath.h" />
    <ClInclude Include="OBBVolume.h" />
    <ClInclude Include="PaintManager.h" />
    <ClInclude Include="PCInput.h" />
    <ClInclude Include="Player.h" />
    <ClInclude Include="Projectile.h" />
    <ClInclude Include="SphereVolume.h" />
    <ClInclude Include="CollisionVolume.h" />
    <ClInclude Include="CollisionDetection.h" />
    <ClInclude Include="Constraint.h" />
    <ClInclude Include="Debug.h" />
    <ClInclude Include="GameObject.h" />
    <ClInclude Include="GameWorld.h" />
    <ClInclude Include="PhysicsObject.h" />
    <ClInclude Include="PhysicsSystem.h" />
    <ClInclude Include="PushdownMachine.h" />
    <ClInclude Include="PushdownState.h" />
    <ClInclude Include="Octree.h" />
    <ClInclude Include="Ray.h" />
    <ClInclude Include="RenderObject.h" />
    <ClInclude Include="Spring.h" />
    <ClInclude Include="State.h" />
    <ClInclude Include="StateMachine.h" />
    <ClInclude Include="StateTransition.h" />
    <ClInclude Include="Transform.h" />
  </ItemGroup>
</Project>