<?xml version="1.0" encoding="utf-8"?>
<Project ToolsVersion="4.0" xmlns="http://schemas.microsoft.com/developer/msbuild/2003">
  <ItemGroup>
    <Filter Include="Source Files">
      <UniqueIdentifier>{4FC737F1-C7A5-4376-A066-2A32D752A2FF}</UniqueIdentifier>
      <Extensions>cpp;c;cc;cxx;def;odl;idl;hpj;bat;asm;asmx</Extensions>
    </Filter>
    <Filter Include="Header Files">
      <UniqueIdentifier>{93995380-89BD-4b04-88EB-625FBE52EBFB}</UniqueIdentifier>
      <Extensions>h;hh;hpp;hxx;hm;inl;inc;xsd</Extensions>
    </Filter>
    <Filter Include="Resource Files">
      <UniqueIdentifier>{67DA6AB6-F800-4c08-8B7A-83BB121AAD01}</UniqueIdentifier>
      <Extensions>rc;ico;cur;bmp;dlg;rc2;rct;bin;rgs;gif;jpg;jpeg;jpe;resx;tiff;tif;png;wav;mfcribbon-ms</Extensions>
    </Filter>
    <Filter Include="CollisionDetection">
      <UniqueIdentifier>{7c45a941-5f3a-4dc9-b113-df0c37be8dd0}</UniqueIdentifier>
    </Filter>
    <Filter Include="Physics">
      <UniqueIdentifier>{9aee0dfe-4d09-49bb-903b-0c7f2a8a6134}</UniqueIdentifier>
    </Filter>
    <Filter Include="AI">
      <UniqueIdentifier>{ed419283-b2e2-421f-a417-ff0c62260d42}</UniqueIdentifier>
    </Filter>
    <Filter Include="Pathfinding">
      <UniqueIdentifier>{84f869c2-c73b-4eb0-ace4-ff4d685ef4ee}</UniqueIdentifier>
    </Filter>
    <Filter Include="Input Handling">
      <UniqueIdentifier>{f1226dc9-d3d1-4557-b16d-d16067ca991a}</UniqueIdentifier>
    </Filter>
    <Filter Include="Header Files\PowerUps">
      <UniqueIdentifier>{1e07e52b-d791-4264-bde5-0efca8e70d97}</UniqueIdentifier>
    </Filter>
  </ItemGroup>
  <ItemGroup>
    <ClInclude Include="GameWorld.h">
      <Filter>Header Files</Filter>
    </ClInclude>
    <ClInclude Include="GameObject.h">
      <Filter>Header Files</Filter>
    </ClInclude>
    <ClInclude Include="Transform.h">
      <Filter>Header Files</Filter>
    </ClInclude>
    <ClInclude Include="CollisionDetection.h">
      <Filter>CollisionDetection</Filter>
    </ClInclude>
    <ClInclude Include="PhysicsObject.h">
      <Filter>Physics</Filter>
    </ClInclude>
    <ClInclude Include="RenderObject.h">
      <Filter>Header Files</Filter>
    </ClInclude>
    <ClInclude Include="Ray.h">
      <Filter>CollisionDetection</Filter>
    </ClInclude>
    <ClInclude Include="StateMachine.h">
      <Filter>AI</Filter>
    </ClInclude>
    <ClInclude Include="StateTransition.h">
      <Filter>AI</Filter>
    </ClInclude>
    <ClInclude Include="State.h">
      <Filter>AI</Filter>
    </ClInclude>
    <ClInclude Include="PushdownState.h">
      <Filter>AI</Filter>
    </ClInclude>
    <ClInclude Include="PushdownMachine.h">
      <Filter>AI</Filter>
    </ClInclude>
    <ClInclude Include="Debug.h">
      <Filter>Header Files</Filter>
    </ClInclude>
    <ClInclude Include="Constraint.h">
      <Filter>Physics</Filter>
    </ClInclude>
    <ClInclude Include="PhysicsSystem.h">
      <Filter>Physics</Filter>
    </ClInclude>
    <ClInclude Include="SphereVolume.h">
      <Filter>CollisionDetection</Filter>
    </ClInclude>
    <ClInclude Include="OBBVolume.h">
      <Filter>CollisionDetection</Filter>
    </ClInclude>
    <ClInclude Include="AABBVolume.h">
      <Filter>CollisionDetection</Filter>
    </ClInclude>
    <ClInclude Include="CollisionVolume.h">
      <Filter>CollisionDetection</Filter>
    </ClInclude>
    <ClInclude Include="NavigationPath.h">
      <Filter>Pathfinding</Filter>
    </ClInclude>
    <ClInclude Include="NavigationGrid.h">
      <Filter>Pathfinding</Filter>
    </ClInclude>
    <ClInclude Include="NavigationMesh.h">
      <Filter>Pathfinding</Filter>
    </ClInclude>
    <ClInclude Include="NavigationMap.h">
      <Filter>Pathfinding</Filter>
    </ClInclude>
    <ClInclude Include="CapsuleVolume.h">
      <Filter>CollisionDetection</Filter>
    </ClInclude>
    <ClInclude Include="Spring.h">
      <Filter>Physics</Filter>
    </ClInclude>
    <ClInclude Include="BehaviourNode.h">
      <Filter>AI</Filter>
    </ClInclude>
    <ClInclude Include="BehaviourNodeWithChildren.h">
      <Filter>AI</Filter>
    </ClInclude>
    <ClInclude Include="BehaviourSelector.h">
      <Filter>AI</Filter>
    </ClInclude>
    <ClInclude Include="BehaviourSequence.h">
      <Filter>AI</Filter>
    </ClInclude>
    <ClInclude Include="BehaviourAction.h">
      <Filter>AI</Filter>
    </ClInclude>
    <ClInclude Include="Player.h">
      <Filter>Header Files</Filter>
    </ClInclude>
	<ClInclude Include="Projectile.h">
      <Filter>Header Files</Filter>
	</ClInclude>
    <ClInclude Include="Octree.h">
      <Filter>CollisionDetection</Filter>
    </ClInclude>
    <ClInclude Include="Command.h">
      <Filter>Input Handling</Filter>
    </ClInclude>
    <ClInclude Include="GameActor.h">
      <Filter>Input Handling</Filter>
    </ClInclude>
    <ClInclude Include="InputHandler.h">
      <Filter>Input Handling</Filter>
    </ClInclude>
    <ClInclude Include="PCInput.h">
      <Filter>Input Handling</Filter>
    </ClInclude>
    <ClInclude Include="InputBase.h">
      <Filter>Input Handling</Filter>
    </ClInclude>
    <ClInclude Include="PowerUp.h">
      <Filter>Header Files\PowerUps</Filter>
    </ClInclude>
    <ClInclude Include="SpeedBoost.h">
      <Filter>Header Files\PowerUps</Filter>
    </ClInclude>
    <ClInclude Include="FIreRate.h">
      <Filter>Header Files\PowerUps</Filter>
    </ClInclude>
    <ClInclude Include="MultipleBullets.h">
      <Filter>Header Files\PowerUps</Filter>
    <ClInclude Include="InputList.h">
      <Filter>Input Handling</Filter>
    </ClInclude>
    <ClInclude Include="PaintManager.h">
      <Filter>Header Files</Filter>
    </ClInclude>
  </ItemGroup>
  <ItemGroup>
    <ClCompile Include="GameWorld.cpp">
      <Filter>Source Files</Filter>
    </ClCompile>
    <ClCompile Include="GameObject.cpp">
      <Filter>Source Files</Filter>
    </ClCompile>
    <ClCompile Include="Transform.cpp">
      <Filter>Source Files</Filter>
    </ClCompile>
    <ClCompile Include="CollisionDetection.cpp">
      <Filter>CollisionDetection</Filter>
    </ClCompile>
    <ClCompile Include="PhysicsObject.cpp">
      <Filter>Physics</Filter>
    </ClCompile>
    <ClCompile Include="RenderObject.cpp">
      <Filter>Source Files</Filter>
    </ClCompile>
    <ClCompile Include="StateMachine.cpp">
      <Filter>AI</Filter>
    </ClCompile>
    <ClCompile Include="StateTransition.cpp">
      <Filter>AI</Filter>
    </ClCompile>
    <ClCompile Include="PushdownState.cpp">
      <Filter>AI</Filter>
    </ClCompile>
    <ClCompile Include="PushdownMachine.cpp">
      <Filter>AI</Filter>
    </ClCompile>
    <ClCompile Include="Debug.cpp">
      <Filter>Source Files</Filter>
    </ClCompile>
    <ClCompile Include="PhysicsSystem.cpp">
      <Filter>Physics</Filter>
    </ClCompile>
    <ClCompile Include="NavigationGrid.cpp">
      <Filter>Pathfinding</Filter>
    </ClCompile>
    <ClCompile Include="NavigationMesh.cpp">
      <Filter>Pathfinding</Filter>
    </ClCompile>
    <ClCompile Include="Player.cpp">
      <Filter>Source Files</Filter>
    </ClCompile>
    <ClCompile Include="Octree.cpp">
      <Filter>CollisionDetection</Filter>
    </ClCompile>
    <ClCompile Include="InputHandler.cpp">
      <Filter>Input Handling</Filter>
    </ClCompile>
    <ClCompile Include="InputBase.cpp">
      <Filter>Input Handling</Filter>
    </ClCompile>
    <ClCompile Include="PCInput.cpp">
      <Filter>Input Handling</Filter>
    </ClCompile>
    <ClCompile Include="PaintManager.cpp">
      <Filter>Source Files</Filter>
    </ClCompile>
    <ClCompile Include="Projectile.cpp">
      <Filter>Source Files</Filter>
    </ClCompile>
  </ItemGroup>
</Project>