<?xml version="1.0" encoding="utf-8"?>
<Project ToolsVersion="4.0" xmlns="http://schemas.microsoft.com/developer/msbuild/2003">
  <ItemGroup>
    <ClCompile Include="Renderer.cpp">
      <Filter>Renderers</Filter>
    </ClCompile>
    <ClCompile Include="RendererBase.cpp">
      <Filter>Renderers</Filter>
    </ClCompile>
    <ClCompile Include="LevelLoader.cpp">
      <Filter>Source Files</Filter>
    </ClCompile>
    <ClCompile Include="Main.cpp">
      <Filter>Source Files</Filter>
    </ClCompile>
    <ClCompile Include="MainMenu.cpp">
      <Filter>Source Files</Filter>
    </ClCompile>
    <ClCompile Include="NetworkedGame.cpp">
      <Filter>Source Files</Filter>
    </ClCompile>
    <ClCompile Include="NetworkedPlayer.cpp">
      <Filter>Source Files</Filter>
    </ClCompile>
    <ClCompile Include="Renderer.cpp">
      <Filter>Renderers</Filter>
    </ClCompile>
    <ClCompile Include="RendererBase.cpp">
      <Filter>Renderers</Filter>
    </ClCompile>
    <ClCompile Include="TutorialGame.cpp">
      <Filter>Source Files</Filter>
    </ClCompile>
    <ClCompile Include="LoadingScreen.cpp">
      <Filter>Source Files</Filter>
    </ClCompile>
    <ClCompile Include="TrainingGame.cpp" />
  </ItemGroup>
  <ItemGroup>
    <ClInclude Include="Renderer.h">
      <Filter>Renderers</Filter>
    </ClInclude>
    <ClInclude Include="RendererBase.h">
      <Filter>Renderers</Filter>
    </ClInclude>
    <ClInclude Include="LevelLoader.h">
      <Filter>Header Files</Filter>
    </ClInclude>
    <ClInclude Include="MainMenu.h">
      <Filter>Header Files</Filter>
    </ClInclude>
    <ClInclude Include="NetworkedGame.h">
      <Filter>Header Files</Filter>
    </ClInclude>
    <ClInclude Include="NetworkedPlayer.h">
      <Filter>Header Files</Filter>
    </ClInclude>
    <ClInclude Include="TutorialGame.h">
      <Filter>Header Files</Filter>
    </ClInclude>
    <ClInclude Include="LoadingScreen.h">
      <Filter>Header Files</Filter>
    </ClInclude>
    <ClInclude Include="TrainingGame.h" />
  </ItemGroup>
  <ItemGroup>
    <ClInclude Include="LevelLoader.h" />
    <ClInclude Include="MainMenu.h" />
    <ClInclude Include="NetworkedGame.h" />
    <ClInclude Include="NetworkedPlayer.h" />
    <ClInclude Include="Renderer.h" />
    <ClInclude Include="RendererBase.h" />
    <ClInclude Include="TutorialGame.h" />
  </ItemGroup>
</Project>