<?xml version="1.0" encoding="utf-8"?>
<Project ToolsVersion="4.0" xmlns="http://schemas.microsoft.com/developer/msbuild/2003">
  <ItemGroup>
    <ClCompile Include="Main.cpp" />
    <ClCompile Include="MainMenu.cpp" />
    <ClCompile Include="NetworkedGame.cpp" />
    <ClCompile Include="NetworkedPlayer.cpp" />
    <ClCompile Include="Renderer.cpp" />
    <ClCompile Include="RendererBase.cpp" />
    <ClCompile Include="TutorialGame.cpp" />
    <ClCompile Include="LevelLoader.cpp" />
  </ItemGroup>
  <ItemGroup>
    <ClCompile Include="Main.cpp">
      <Filter>Source Files</Filter>
    </ClCompile>
    <ClCompile Include="TutorialGame.cpp">
      <Filter>Source Files</Filter>
    </ClCompile>
    <ClCompile Include="MainMenu.cpp">
      <Filter>Source Files</Filter>
    </ClCompile>
    <ClCompile Include="NetworkedGame.cpp">
      <Filter>Source Files</Filter>
    </ClCompile>
    <ClCompile Include="NetworkedPlayer.cpp">
      <Filter>Source Files</Filter>
    </ClCompile>
    <ClCompile Include="Renderer.cpp">
      <Filter>Renderers</Filter>
    </ClCompile>
    <ClCompile Include="RendererBase.cpp">
      <Filter>Renderers</Filter>
    </ClCompile>
  </ItemGroup>
  <ItemGroup>
    <ClInclude Include="LevelLoader.h" />
    <ClInclude Include="MainMenu.h" />
    <ClInclude Include="NetworkedGame.h" />
    <ClInclude Include="NetworkedPlayer.h" />
    <ClInclude Include="Renderer.h" />
    <ClInclude Include="RendererBase.h" />
    <ClInclude Include="TutorialGame.h" />
  </ItemGroup>
</Project>